
Microsoft Visual Studio Solution File, Format Version 12.00
# Visual Studio Version 17
VisualStudioVersion = 17.3.32825.248
MinimumVisualStudioVersion = 10.0.40219.1
Project("{FAE04EC0-301F-11D3-BF4B-00C04F79EFBC}") = "trainerzombie game", "trainerzombie game\trainerzombie game.csproj", "{89B81147-E738-4918-9B48-FE02564032FD}"
EndProject
Global
	GlobalSection(SolutionConfigurationPlatforms) = preSolution
		Debug|Any CPU = Debug|Any CPU
		Release|Any CPU = Release|Any CPU
	EndGlobalSection
	GlobalSection(ProjectConfigurationPlatforms) = postSolution
		{89B81147-E738-4918-9B48-FE02564032FD}.Debug|Any CPU.ActiveCfg = Debug|Any CPU
		{89B81147-E738-4918-9B48-FE02564032FD}.Debug|Any CPU.Build.0 = Debug|Any CPU
		{89B81147-E738-4918-9B48-FE02564032FD}.Release|Any CPU.ActiveCfg = Release|Any CPU
		{89B81147-E738-4918-9B48-FE02564032FD}.Release|Any CPU.Build.0 = Release|Any CPU
	EndGlobalSection
	GlobalSection(SolutionProperties) = preSolution
		HideSolutionNode = FALSE
	EndGlobalSection
	GlobalSection(ExtensibilityGlobals) = postSolution
		SolutionGuid = {7979996B-EAA7-4E85-8FB8-4A2B2134E053}
	EndGlobalSection
EndGlobal
